{
  "object": {
    "pins": [
      {
        "package": "Console",
        "repositoryURL": "https://github.com/vapor/console.git",
        "state": {
          "branch": null,
          "revision": "273cf2ed1f4daba88a452494c342020171d8c7b8",
          "version": "3.0.0-rc.2.2"
        }
      },
      {
        "package": "Core",
        "repositoryURL": "https://github.com/vapor/core.git",
        "state": {
          "branch": null,
          "revision": "225aff2b69049f2a4d9a4aae71d27ba7fb083032",
          "version": "3.0.1"
        }
      },
      {
        "package": "Crypto",
        "repositoryURL": "https://github.com/vapor/crypto.git",
        "state": {
          "branch": null,
          "revision": "4c7acb4fbf1720682275f0ef543474c951d84a09",
          "version": "3.0.0-rc.3"
        }
      },
      {
        "package": "DatabaseKit",
        "repositoryURL": "https://github.com/vapor/database-kit.git",
        "state": {
          "branch": null,
          "revision": "9e77b5b95e3f1f141abdf75d6123f591971162cd",
          "version": "1.0.0-rc.2.2.1"
        }
      },
      {
        "package": "Engine",
        "repositoryURL": "https://github.com/vapor/engine.git",
        "state": {
          "branch": null,
          "revision": "4846ea9abeb04863f82f618ee8cb22650a82ae3c",
          "version": "3.0.0-rc.2.1.1"
        }
      },
      {
        "package": "Routing",
        "repositoryURL": "https://github.com/vapor/routing.git",
        "state": {
          "branch": null,
          "revision": "2fc1d4de22a54848b35ad17b3e7f7816f19ebf90",
          "version": "3.0.0-rc.2"
        }
      },
      {
        "package": "Service",
        "repositoryURL": "https://github.com/vapor/service.git",
        "state": {
          "branch": null,
          "revision": "02205a16a3f4714a08836529f5a868c2ce256719",
          "version": "1.0.0-rc.2.2"
        }
      },
      {
        "package": "swift-nio",
        "repositoryURL": "https://github.com/apple/swift-nio.git",
        "state": {
          "branch": null,
          "revision": "a0b7f646fba61402da384b3202f54c27debb5e13",
          "version": "1.3.1"
        }
      },
      {
        "package": "swift-nio-ssl",
        "repositoryURL": "https://github.com/apple/swift-nio-ssl.git",
        "state": {
          "branch": null,
          "revision": "ea006b6368dbd9dbfd297deb6ddb3f070b72d043",
          "version": "1.0.1"
        }
      },
      {
        "package": "swift-nio-ssl-support",
        "repositoryURL": "https://github.com/apple/swift-nio-ssl-support.git",
        "state": {
          "branch": null,
          "revision": "c02eec4e0e6d351cd092938cf44195a8e669f555",
          "version": "1.0.0"
        }
      },
      {
        "package": "swift-nio-zlib-support",
        "repositoryURL": "https://github.com/apple/swift-nio-zlib-support.git",
        "state": {
          "branch": null,
          "revision": "37760e9a52030bb9011972c5213c3350fa9d41fd",
          "version": "1.0.0"
        }
      },
      {
        "package": "TemplateKit",
        "repositoryURL": "https://github.com/vapor/template-kit.git",
        "state": {
          "branch": null,
          "revision": "61ed3d3b0df4c181d6b88e06b418f425978ac2af",
          "version": "1.0.0-rc.2.0.3"
        }
      },
      {
        "package": "Validation",
        "repositoryURL": "https://github.com/vapor/validation.git",
        "state": {
          "branch": null,
          "revision": "1ce87fc2d18a8f15a491805825063c8db493a51e",
          "version": "2.0.0-rc.2.1.1"
        }
      },
      {
        "package": "Vapor",
        "repositoryURL": "https://github.com/vapor/vapor.git",
        "state": {
          "branch": null,
          "revision": "5e59691ef575597aa640da76ccb9fc5ee638f2c1",
          "version": "3.0.0-rc.2.2.1"
        }
      }
    ]
  },
  "version": 1
}
